
Microsoft Visual Studio Solution File, Format Version 12.00
# Visual Studio Version 16
VisualStudioVersion = 16.0.29324.140
MinimumVisualStudioVersion = 10.0.40219.1
Project("{9A19103F-16F7-4668-BE54-9A1E7A4F7556}") = "GoogleTTS", "GoogleTTS\GoogleTTS.csproj", "{6ED3E9D6-CB73-421E-AF18-42492FED9C4F}"
EndProject
Project("{9A19103F-16F7-4668-BE54-9A1E7A4F7556}") = "GoogleSTT", "GoogleSTT\GoogleSTT.csproj", "{1B80A34E-F05A-404D-A7AE-D5A96D6C6E0C}"
EndProject
Project("{9A19103F-16F7-4668-BE54-9A1E7A4F7556}") = "GoogleSpeechUkrBot", "GoogleSpeechUkrBot\GoogleSpeechUkrBot.csproj", "{CC2BD139-7145-4780-BE83-9A9D5C1A3577}"
EndProject
Project("{9A19103F-16F7-4668-BE54-9A1E7A4F7556}") = "GoogleSpeechUkrBotRunner", "GoogleSpeechUkrBotRunner\GoogleSpeechUkrBotRunner.csproj", "{4F065D86-CA83-4C16-8E1A-94A30AEC8E52}"
EndProject
Project("{E53339B2-1760-4266-BCC7-CA923CBCF16C}") = "docker-compose", "docker-compose.dcproj", "{BDD69296-6877-4820-8DAC-196A3554EC3E}"
EndProject
Global
	GlobalSection(SolutionConfigurationPlatforms) = preSolution
		Debug|Any CPU = Debug|Any CPU
		Release|Any CPU = Release|Any CPU
	EndGlobalSection
	GlobalSection(ProjectConfigurationPlatforms) = postSolution
		{6ED3E9D6-CB73-421E-AF18-42492FED9C4F}.Debug|Any CPU.ActiveCfg = Debug|Any CPU
		{6ED3E9D6-CB73-421E-AF18-42492FED9C4F}.Debug|Any CPU.Build.0 = Debug|Any CPU
		{6ED3E9D6-CB73-421E-AF18-42492FED9C4F}.Release|Any CPU.ActiveCfg = Release|Any CPU
		{6ED3E9D6-CB73-421E-AF18-42492FED9C4F}.Release|Any CPU.Build.0 = Release|Any CPU
		{1B80A34E-F05A-404D-A7AE-D5A96D6C6E0C}.Debug|Any CPU.ActiveCfg = Debug|Any CPU
		{1B80A34E-F05A-404D-A7AE-D5A96D6C6E0C}.Debug|Any CPU.Build.0 = Debug|Any CPU
		{1B80A34E-F05A-404D-A7AE-D5A96D6C6E0C}.Release|Any CPU.ActiveCfg = Release|Any CPU
		{1B80A34E-F05A-404D-A7AE-D5A96D6C6E0C}.Release|Any CPU.Build.0 = Release|Any CPU
		{CC2BD139-7145-4780-BE83-9A9D5C1A3577}.Debug|Any CPU.ActiveCfg = Debug|Any CPU
		{CC2BD139-7145-4780-BE83-9A9D5C1A3577}.Debug|Any CPU.Build.0 = Debug|Any CPU
		{CC2BD139-7145-4780-BE83-9A9D5C1A3577}.Release|Any CPU.ActiveCfg = Release|Any CPU
		{CC2BD139-7145-4780-BE83-9A9D5C1A3577}.Release|Any CPU.Build.0 = Release|Any CPU
		{4F065D86-CA83-4C16-8E1A-94A30AEC8E52}.Debug|Any CPU.ActiveCfg = Debug|Any CPU
		{4F065D86-CA83-4C16-8E1A-94A30AEC8E52}.Debug|Any CPU.Build.0 = Debug|Any CPU
		{4F065D86-CA83-4C16-8E1A-94A30AEC8E52}.Release|Any CPU.ActiveCfg = Release|Any CPU
		{4F065D86-CA83-4C16-8E1A-94A30AEC8E52}.Release|Any CPU.Build.0 = Release|Any CPU
		{BDD69296-6877-4820-8DAC-196A3554EC3E}.Debug|Any CPU.ActiveCfg = Debug|Any CPU
		{BDD69296-6877-4820-8DAC-196A3554EC3E}.Debug|Any CPU.Build.0 = Debug|Any CPU
		{BDD69296-6877-4820-8DAC-196A3554EC3E}.Release|Any CPU.ActiveCfg = Release|Any CPU
		{BDD69296-6877-4820-8DAC-196A3554EC3E}.Release|Any CPU.Build.0 = Release|Any CPU
	EndGlobalSection
	GlobalSection(SolutionProperties) = preSolution
		HideSolutionNode = FALSE
	EndGlobalSection
	GlobalSection(ExtensibilityGlobals) = postSolution
		SolutionGuid = {79442C85-AEC7-4BF5-82FE-1ACE09CD3353}
	EndGlobalSection
EndGlobal
